
Microsoft Visual Studio Solution File, Format Version 12.00
# Visual Studio Version 17
VisualStudioVersion = 17.4.33110.190
MinimumVisualStudioVersion = 10.0.40219.1
Project("{9A19103F-16F7-4668-BE54-9A1E7A4F7556}") = "MagicBot001", "MagicBot001.csproj", "{E024F49A-56A3-4DE4-88C7-CB2A933189A1}"
EndProject
Project("{9A19103F-16F7-4668-BE54-9A1E7A4F7556}") = "MLModel_ConsoleApp5", "..\MLModel_ConsoleApp5\MLModel_ConsoleApp5.csproj", "{D18921F8-4988-4A56-A325-9AC9F6123392}"
EndProject
Project("{9A19103F-16F7-4668-BE54-9A1E7A4F7556}") = "MLModel_WebApi5", "..\MLModel_WebApi5\MLModel_WebApi5.csproj", "{56B5755A-CEB0-460F-A83C-664C94A9CECA}"
EndProject
Global
	GlobalSection(SolutionConfigurationPlatforms) = preSolution
		Debug|Any CPU = Debug|Any CPU
		Release|Any CPU = Release|Any CPU
	EndGlobalSection
	GlobalSection(ProjectConfigurationPlatforms) = postSolution
		{E024F49A-56A3-4DE4-88C7-CB2A933189A1}.Debug|Any CPU.ActiveCfg = Debug|Any CPU
		{E024F49A-56A3-4DE4-88C7-CB2A933189A1}.Debug|Any CPU.Build.0 = Debug|Any CPU
		{E024F49A-56A3-4DE4-88C7-CB2A933189A1}.Release|Any CPU.ActiveCfg = Release|Any CPU
		{E024F49A-56A3-4DE4-88C7-CB2A933189A1}.Release|Any CPU.Build.0 = Release|Any CPU
		{D18921F8-4988-4A56-A325-9AC9F6123392}.Debug|Any CPU.ActiveCfg = Debug|Any CPU
		{D18921F8-4988-4A56-A325-9AC9F6123392}.Debug|Any CPU.Build.0 = Debug|Any CPU
		{D18921F8-4988-4A56-A325-9AC9F6123392}.Release|Any CPU.ActiveCfg = Release|Any CPU
		{D18921F8-4988-4A56-A325-9AC9F6123392}.Release|Any CPU.Build.0 = Release|Any CPU
		{56B5755A-CEB0-460F-A83C-664C94A9CECA}.Debug|Any CPU.ActiveCfg = Debug|Any CPU
		{56B5755A-CEB0-460F-A83C-664C94A9CECA}.Debug|Any CPU.Build.0 = Debug|Any CPU
		{56B5755A-CEB0-460F-A83C-664C94A9CECA}.Release|Any CPU.ActiveCfg = Release|Any CPU
		{56B5755A-CEB0-460F-A83C-664C94A9CECA}.Release|Any CPU.Build.0 = Release|Any CPU
	EndGlobalSection
	GlobalSection(SolutionProperties) = preSolution
		HideSolutionNode = FALSE
	EndGlobalSection
	GlobalSection(ExtensibilityGlobals) = postSolution
		SolutionGuid = {208E0BEA-46FE-4AD2-BA89-36E5989C2410}
	EndGlobalSection
EndGlobal
